Microsoft Visual Studio Solution File, Format Version 12.00
# Visual Studio 2012
Project("{FAE04EC0-301F-11D3-BF4B-00C04F79EFBC}") = "Context & Camera", "Context & Camera.csproj", "{AD5C1662-6051-4C55-AE90-326BFA0CD409}"
EndProject
Global
	GlobalSection(SolutionConfigurationPlatforms) = preSolution
	Debug|Any CPU = Debug|Any CPU
	ExportDebug|Any CPU = ExportDebug|Any CPU
	ExportRelease|Any CPU = ExportRelease|Any CPU
	EndGlobalSection
	GlobalSection(ProjectConfigurationPlatforms) = postSolution
		{AD5C1662-6051-4C55-AE90-326BFA0CD409}.Debug|Any CPU.ActiveCfg = Debug|Any CPU
		{AD5C1662-6051-4C55-AE90-326BFA0CD409}.Debug|Any CPU.Build.0 = Debug|Any CPU
		{AD5C1662-6051-4C55-AE90-326BFA0CD409}.ExportDebug|Any CPU.ActiveCfg = ExportDebug|Any CPU
		{AD5C1662-6051-4C55-AE90-326BFA0CD409}.ExportDebug|Any CPU.Build.0 = ExportDebug|Any CPU
		{AD5C1662-6051-4C55-AE90-326BFA0CD409}.ExportRelease|Any CPU.ActiveCfg = ExportRelease|Any CPU
		{AD5C1662-6051-4C55-AE90-326BFA0CD409}.ExportRelease|Any CPU.Build.0 = ExportRelease|Any CPU
	EndGlobalSection
EndGlobal
